
Microsoft Visual Studio Solution File, Format Version 12.00
# Visual Studio Version 17
VisualStudioVersion = 17.5.002.0
MinimumVisualStudioVersion = 10.0.40219.1
Project("{9A19103F-16F7-4668-BE54-9A1E7A4F7556}") = "testICorDebugInConsoleApp", "testICorDebugInConsoleApp.csproj", "{DB5ECF9B-8B11-4143-8CAD-8D13B0643237}"
EndProject
Global
	GlobalSection(SolutionConfigurationPlatforms) = preSolution
		Debug|Any CPU = Debug|Any CPU
		Release|Any CPU = Release|Any CPU
	EndGlobalSection
	GlobalSection(ProjectConfigurationPlatforms) = postSolution
		{DB5ECF9B-8B11-4143-8CAD-8D13B0643237}.Debug|Any CPU.ActiveCfg = Debug|Any CPU
		{DB5ECF9B-8B11-4143-8CAD-8D13B0643237}.Debug|Any CPU.Build.0 = Debug|Any CPU
		{DB5ECF9B-8B11-4143-8CAD-8D13B0643237}.Release|Any CPU.ActiveCfg = Release|Any CPU
		{DB5ECF9B-8B11-4143-8CAD-8D13B0643237}.Release|Any CPU.Build.0 = Release|Any CPU
	EndGlobalSection
	GlobalSection(SolutionProperties) = preSolution
		HideSolutionNode = FALSE
	EndGlobalSection
	GlobalSection(ExtensibilityGlobals) = postSolution
		SolutionGuid = {BB86B429-7D37-4A07-A9BE-E6428E8031E7}
	EndGlobalSection
EndGlobal
